
Microsoft Visual Studio Solution File, Format Version 12.00
# Visual Studio Version 16
VisualStudioVersion = 16.0.30320.27
MinimumVisualStudioVersion = 10.0.40219.1
Project("{8BC9CEB8-8B4A-11D0-8D11-00A0C91BC942}") = "Butterfly Patten", "Butterfly Patten\Butterfly Patten.vcxproj", "{862B35C6-2069-4598-90F2-D90ACBF7495A}"
EndProject
Global
	GlobalSection(SolutionConfigurationPlatforms) = preSolution
		Debug|x64 = Debug|x64
		Debug|x86 = Debug|x86
		Release|x64 = Release|x64
		Release|x86 = Release|x86
	EndGlobalSection
	GlobalSection(ProjectConfigurationPlatforms) = postSolution
		{862B35C6-2069-4598-90F2-D90ACBF7495A}.Debug|x64.ActiveCfg = Debug|x64
		{862B35C6-2069-4598-90F2-D90ACBF7495A}.Debug|x64.Build.0 = Debug|x64
		{862B35C6-2069-4598-90F2-D90ACBF7495A}.Debug|x86.ActiveCfg = Debug|Win32
		{862B35C6-2069-4598-90F2-D90ACBF7495A}.Debug|x86.Build.0 = Debug|Win32
		{862B35C6-2069-4598-90F2-D90ACBF7495A}.Release|x64.ActiveCfg = Release|x64
		{862B35C6-2069-4598-90F2-D90ACBF7495A}.Release|x64.Build.0 = Release|x64
		{862B35C6-2069-4598-90F2-D90ACBF7495A}.Release|x86.ActiveCfg = Release|Win32
		{862B35C6-2069-4598-90F2-D90ACBF7495A}.Release|x86.Build.0 = Release|Win32
	EndGlobalSection
	GlobalSection(SolutionProperties) = preSolution
		HideSolutionNode = FALSE
	EndGlobalSection
	GlobalSection(ExtensibilityGlobals) = postSolution
		SolutionGuid = {119AFA09-8692-46B2-B949-1218AE53CE11}
	EndGlobalSection
EndGlobal
